
Microsoft Visual Studio Solution File, Format Version 12.00
# Visual Studio Version 17
VisualStudioVersion = 17.2.32616.157
MinimumVisualStudioVersion = 10.0.40219.1
Project("{2150E333-8FDC-42A3-9474-1A3956D46DE8}") = "Chain of responsibility", "Chain of responsibility", "{6DAE4A9B-1FEE-402E-8187-DDA1A0BE5184}"
EndProject
Project("{9A19103F-16F7-4668-BE54-9A1E7A4F7556}") = "Method Chain", "Method Chain\Method Chain.csproj", "{1BF4CDA1-47CE-41DE-8180-94B62E5E1045}"
EndProject
Project("{9A19103F-16F7-4668-BE54-9A1E7A4F7556}") = "Broker Chain", "Broker Chain\Broker Chain.csproj", "{66CD0D16-7EBC-4BE6-8099-D718EF597F0A}"
EndProject
Project("{2150E333-8FDC-42A3-9474-1A3956D46DE8}") = "Command", "Command", "{6AB4864A-1C6E-40BB-A2CA-CB22431D82A0}"
EndProject
Project("{9A19103F-16F7-4668-BE54-9A1E7A4F7556}") = "Command", "Command\Command.csproj", "{48C8C890-30B3-4114-A2D4-251601AE5347}"
EndProject
Project("{9A19103F-16F7-4668-BE54-9A1E7A4F7556}") = "Command.Composite", "Command.Composite\Command.Composite.csproj", "{BAB897BB-E3DD-44C3-86FE-7619F81FDC2E}"
EndProject
Project("{2150E333-8FDC-42A3-9474-1A3956D46DE8}") = "Interpreter", "Interpreter", "{A5279F7C-1CB7-40DC-94FA-E858A2533536}"
EndProject
Project("{9A19103F-16F7-4668-BE54-9A1E7A4F7556}") = "Interpreter", "Interpreter\Interpreter.csproj", "{3615EB12-85A5-4A0B-B5FB-5206937AA695}"
EndProject
Project("{2150E333-8FDC-42A3-9474-1A3956D46DE8}") = "Iterator", "Iterator", "{2B57A435-158D-42C1-8B0C-24528F75930F}"
EndProject
Project("{9A19103F-16F7-4668-BE54-9A1E7A4F7556}") = "Iterator.TreeTraversal", "Iterator.TreeTraversal\Iterator.TreeTraversal.csproj", "{35F1932C-590A-45DE-AB09-C3A957F66D85}"
EndProject
Project("{2150E333-8FDC-42A3-9474-1A3956D46DE8}") = "Mediator", "Mediator", "{B3A507D2-9C57-4E92-AA18-2FEB0B25268F}"
EndProject
Project("{9A19103F-16F7-4668-BE54-9A1E7A4F7556}") = "Mediator.ChatRoom", "Mediator.ChatRoom\Mediator.ChatRoom.csproj", "{69AB3A94-F036-4AAF-A631-DA5EF212B45D}"
EndProject
Project("{9A19103F-16F7-4668-BE54-9A1E7A4F7556}") = "Mediator.EventBroker", "Mediator.EventBroker\Mediator.EventBroker.csproj", "{4608E9E8-6179-4CCC-B276-F8A715874B87}"
EndProject
Project("{2150E333-8FDC-42A3-9474-1A3956D46DE8}") = "Memento", "Memento", "{FF7945C7-07DF-4D8F-9B96-828DD677E026}"
EndProject
Project("{9A19103F-16F7-4668-BE54-9A1E7A4F7556}") = "Memento", "Memento\Memento.csproj", "{99DF7627-4B5D-4518-B4CC-EF5CA84DD186}"
EndProject
Project("{9A19103F-16F7-4668-BE54-9A1E7A4F7556}") = "Memento.UndoRedo", "Memento.UndoRedo\Memento.UndoRedo.csproj", "{95A24BD1-BEA7-40D0-9469-15F08AE4B126}"
EndProject
Project("{2150E333-8FDC-42A3-9474-1A3956D46DE8}") = "NullObject", "NullObject", "{6F5DFBAE-2D11-4017-8DA5-96146A9455E4}"
EndProject
Project("{9A19103F-16F7-4668-BE54-9A1E7A4F7556}") = "NullObject", "NullObject\NullObject.csproj", "{E51B0715-2336-4456-ACD7-604E29C513C7}"
EndProject
Project("{2150E333-8FDC-42A3-9474-1A3956D46DE8}") = "Observer", "Observer", "{9E7A5887-7854-424C-8F20-C0706BD275B9}"
EndProject
Project("{9A19103F-16F7-4668-BE54-9A1E7A4F7556}") = "Observer", "Observer\Observer.csproj", "{A7243B60-21A7-4B4F-9CD7-5888B88A7A98}"
EndProject
Project("{9A19103F-16F7-4668-BE54-9A1E7A4F7556}") = "Observer.WeakEventPattern", "Observer.WeakEventPattern\Observer.WeakEventPattern.csproj", "{B2B761C7-8C81-4BC8-9F8E-6F7D5D0B46E9}"
EndProject
Project("{9A19103F-16F7-4668-BE54-9A1E7A4F7556}") = "Observer.ObserverInterfaces", "Observer.ObserverInterfaces\Observer.ObserverInterfaces.csproj", "{70D944F6-51BB-4EBD-AE27-A1A04771DB21}"
EndProject
Project("{9A19103F-16F7-4668-BE54-9A1E7A4F7556}") = "Observer.ObservableCollections", "Observer.ObservableCollections\Observer.ObservableCollections.csproj", "{3A52FCC7-7C0D-4B6E-90D7-89FEA50C2D49}"
EndProject
Project("{2150E333-8FDC-42A3-9474-1A3956D46DE8}") = "State", "State", "{6B5FAEB8-45DB-40E7-9080-167CAC596681}"
EndProject
Project("{9A19103F-16F7-4668-BE54-9A1E7A4F7556}") = "State.Classic", "State.Classic\State.Classic.csproj", "{05F93F42-27E7-4961-8863-FBF0CE50D509}"
EndProject
Project("{9A19103F-16F7-4668-BE54-9A1E7A4F7556}") = "State.Handmade", "State.Handmade\State.Handmade.csproj", "{FC394340-2390-469C-9BEE-3E1515447AD2}"
EndProject
Project("{9A19103F-16F7-4668-BE54-9A1E7A4F7556}") = "State.SwitchBased", "State.SwitchBased\State.SwitchBased.csproj", "{4A6CE2F1-5B68-4CD0-9410-74B7FF27FA03}"
EndProject
Project("{9A19103F-16F7-4668-BE54-9A1E7A4F7556}") = "State.SwitchExpressions", "State.SwitchExpressions\State.SwitchExpressions.csproj", "{8BD37E8F-9CEB-41CD-B1D1-ADDB49F84ABE}"
EndProject
Project("{2150E333-8FDC-42A3-9474-1A3956D46DE8}") = "Strategy", "Strategy", "{4D32AD89-BB7E-4614-A370-8E46417109CE}"
EndProject
Project("{9A19103F-16F7-4668-BE54-9A1E7A4F7556}") = "Strategy.Dynamic", "Strategy\Strategy.Dynamic.csproj", "{0B3075EA-484F-41E7-8993-2625F128CC40}"
EndProject
Project("{9A19103F-16F7-4668-BE54-9A1E7A4F7556}") = "Strategy.Static", "Strategy.Static\Strategy.Static.csproj", "{D4C91674-03E9-4107-B570-EDD7DB5640E4}"
EndProject
Project("{9A19103F-16F7-4668-BE54-9A1E7A4F7556}") = "Strategy.Comparison", "Strategy.Comparison\Strategy.Comparison.csproj", "{BD92AAA8-EFFB-4C93-9AF2-34122EAF2932}"
EndProject
Project("{2150E333-8FDC-42A3-9474-1A3956D46DE8}") = "Template method", "Template method", "{845D871E-EF58-4E40-B79B-2AB65C6E250A}"
EndProject
Project("{9A19103F-16F7-4668-BE54-9A1E7A4F7556}") = "TemplateMethod", "TemplateMethod\TemplateMethod.csproj", "{C4C22D44-7EFF-4B33-9C96-4CE2DDF7186F}"
EndProject
Project("{9A19103F-16F7-4668-BE54-9A1E7A4F7556}") = "TemplateMethod.Functional", "TemplateMethod.Functional\TemplateMethod.Functional.csproj", "{94AC4679-6101-4059-BE9E-74D0DA515646}"
EndProject
Project("{2150E333-8FDC-42A3-9474-1A3956D46DE8}") = "Visitor", "Visitor", "{DAA48883-0FB1-4EB2-8E38-DD02EB44EA4A}"
EndProject
Project("{FAE04EC0-301F-11D3-BF4B-00C04F79EFBC}") = "Visitor.Intrusive", "Visitor.Intrusive\Visitor.Intrusive.csproj", "{CABCF63A-F52E-40D6-9F8A-B3A23754DDFD}"
EndProject
Project("{FAE04EC0-301F-11D3-BF4B-00C04F79EFBC}") = "Visitor.Reflective", "Visitor.Reflective\Visitor.Reflective.csproj", "{B2BE8827-9D07-4AEC-85AC-97F153FAEFAF}"
EndProject
Project("{FAE04EC0-301F-11D3-BF4B-00C04F79EFBC}") = "Visitor.Classic", "Visitor.Classic\Visitor.Classic.csproj", "{4B9EA193-5076-4256-9A98-66CCDBF5923A}"
EndProject
Project("{FAE04EC0-301F-11D3-BF4B-00C04F79EFBC}") = "Visitor.Transformer", "Visitor.Transformer\Visitor.Transformer.csproj", "{BCBBCE88-D30F-4851-8043-30B6BA740A3F}"
EndProject
Project("{FAE04EC0-301F-11D3-BF4B-00C04F79EFBC}") = "Visitor.Dynamic", "Visitor.Dynamic\Visitor.Dynamic.csproj", "{D3F13A56-0787-4D79-8A31-F5308D9F43C6}"
EndProject
Project("{FAE04EC0-301F-11D3-BF4B-00C04F79EFBC}") = "Visitor.Acyclic", "Visitor.Acyclic\Visitor.Acyclic.csproj", "{B0AC3406-0B7C-464C-AE8D-3FFE76A7F0FE}"
EndProject
Global
	GlobalSection(SolutionConfigurationPlatforms) = preSolution
		Debug|Any CPU = Debug|Any CPU
		Release|Any CPU = Release|Any CPU
	EndGlobalSection
	GlobalSection(ProjectConfigurationPlatforms) = postSolution
		{1BF4CDA1-47CE-41DE-8180-94B62E5E1045}.Debug|Any CPU.ActiveCfg = Debug|Any CPU
		{1BF4CDA1-47CE-41DE-8180-94B62E5E1045}.Debug|Any CPU.Build.0 = Debug|Any CPU
		{1BF4CDA1-47CE-41DE-8180-94B62E5E1045}.Release|Any CPU.ActiveCfg = Release|Any CPU
		{1BF4CDA1-47CE-41DE-8180-94B62E5E1045}.Release|Any CPU.Build.0 = Release|Any CPU
		{66CD0D16-7EBC-4BE6-8099-D718EF597F0A}.Debug|Any CPU.ActiveCfg = Debug|Any CPU
		{66CD0D16-7EBC-4BE6-8099-D718EF597F0A}.Debug|Any CPU.Build.0 = Debug|Any CPU
		{66CD0D16-7EBC-4BE6-8099-D718EF597F0A}.Release|Any CPU.ActiveCfg = Release|Any CPU
		{66CD0D16-7EBC-4BE6-8099-D718EF597F0A}.Release|Any CPU.Build.0 = Release|Any CPU
		{48C8C890-30B3-4114-A2D4-251601AE5347}.Debug|Any CPU.ActiveCfg = Debug|Any CPU
		{48C8C890-30B3-4114-A2D4-251601AE5347}.Debug|Any CPU.Build.0 = Debug|Any CPU
		{48C8C890-30B3-4114-A2D4-251601AE5347}.Release|Any CPU.ActiveCfg = Release|Any CPU
		{48C8C890-30B3-4114-A2D4-251601AE5347}.Release|Any CPU.Build.0 = Release|Any CPU
		{BAB897BB-E3DD-44C3-86FE-7619F81FDC2E}.Debug|Any CPU.ActiveCfg = Debug|Any CPU
		{BAB897BB-E3DD-44C3-86FE-7619F81FDC2E}.Debug|Any CPU.Build.0 = Debug|Any CPU
		{BAB897BB-E3DD-44C3-86FE-7619F81FDC2E}.Release|Any CPU.ActiveCfg = Release|Any CPU
		{BAB897BB-E3DD-44C3-86FE-7619F81FDC2E}.Release|Any CPU.Build.0 = Release|Any CPU
		{3615EB12-85A5-4A0B-B5FB-5206937AA695}.Debug|Any CPU.ActiveCfg = Debug|Any CPU
		{3615EB12-85A5-4A0B-B5FB-5206937AA695}.Debug|Any CPU.Build.0 = Debug|Any CPU
		{3615EB12-85A5-4A0B-B5FB-5206937AA695}.Release|Any CPU.ActiveCfg = Release|Any CPU
		{3615EB12-85A5-4A0B-B5FB-5206937AA695}.Release|Any CPU.Build.0 = Release|Any CPU
		{35F1932C-590A-45DE-AB09-C3A957F66D85}.Debug|Any CPU.ActiveCfg = Debug|Any CPU
		{35F1932C-590A-45DE-AB09-C3A957F66D85}.Debug|Any CPU.Build.0 = Debug|Any CPU
		{35F1932C-590A-45DE-AB09-C3A957F66D85}.Release|Any CPU.ActiveCfg = Release|Any CPU
		{35F1932C-590A-45DE-AB09-C3A957F66D85}.Release|Any CPU.Build.0 = Release|Any CPU
		{69AB3A94-F036-4AAF-A631-DA5EF212B45D}.Debug|Any CPU.ActiveCfg = Debug|Any CPU
		{69AB3A94-F036-4AAF-A631-DA5EF212B45D}.Debug|Any CPU.Build.0 = Debug|Any CPU
		{69AB3A94-F036-4AAF-A631-DA5EF212B45D}.Release|Any CPU.ActiveCfg = Release|Any CPU
		{69AB3A94-F036-4AAF-A631-DA5EF212B45D}.Release|Any CPU.Build.0 = Release|Any CPU
		{4608E9E8-6179-4CCC-B276-F8A715874B87}.Debug|Any CPU.ActiveCfg = Debug|Any CPU
		{4608E9E8-6179-4CCC-B276-F8A715874B87}.Debug|Any CPU.Build.0 = Debug|Any CPU
		{4608E9E8-6179-4CCC-B276-F8A715874B87}.Release|Any CPU.ActiveCfg = Release|Any CPU
		{4608E9E8-6179-4CCC-B276-F8A715874B87}.Release|Any CPU.Build.0 = Release|Any CPU
		{99DF7627-4B5D-4518-B4CC-EF5CA84DD186}.Debug|Any CPU.ActiveCfg = Debug|Any CPU
		{99DF7627-4B5D-4518-B4CC-EF5CA84DD186}.Debug|Any CPU.Build.0 = Debug|Any CPU
		{99DF7627-4B5D-4518-B4CC-EF5CA84DD186}.Release|Any CPU.ActiveCfg = Release|Any CPU
		{99DF7627-4B5D-4518-B4CC-EF5CA84DD186}.Release|Any CPU.Build.0 = Release|Any CPU
		{95A24BD1-BEA7-40D0-9469-15F08AE4B126}.Debug|Any CPU.ActiveCfg = Debug|Any CPU
		{95A24BD1-BEA7-40D0-9469-15F08AE4B126}.Debug|Any CPU.Build.0 = Debug|Any CPU
		{95A24BD1-BEA7-40D0-9469-15F08AE4B126}.Release|Any CPU.ActiveCfg = Release|Any CPU
		{95A24BD1-BEA7-40D0-9469-15F08AE4B126}.Release|Any CPU.Build.0 = Release|Any CPU
		{E51B0715-2336-4456-ACD7-604E29C513C7}.Debug|Any CPU.ActiveCfg = Debug|Any CPU
		{E51B0715-2336-4456-ACD7-604E29C513C7}.Debug|Any CPU.Build.0 = Debug|Any CPU
		{E51B0715-2336-4456-ACD7-604E29C513C7}.Release|Any CPU.ActiveCfg = Release|Any CPU
		{E51B0715-2336-4456-ACD7-604E29C513C7}.Release|Any CPU.Build.0 = Release|Any CPU
		{A7243B60-21A7-4B4F-9CD7-5888B88A7A98}.Debug|Any CPU.ActiveCfg = Debug|Any CPU
		{A7243B60-21A7-4B4F-9CD7-5888B88A7A98}.Debug|Any CPU.Build.0 = Debug|Any CPU
		{A7243B60-21A7-4B4F-9CD7-5888B88A7A98}.Release|Any CPU.ActiveCfg = Release|Any CPU
		{A7243B60-21A7-4B4F-9CD7-5888B88A7A98}.Release|Any CPU.Build.0 = Release|Any CPU
		{B2B761C7-8C81-4BC8-9F8E-6F7D5D0B46E9}.Debug|Any CPU.ActiveCfg = Debug|Any CPU
		{B2B761C7-8C81-4BC8-9F8E-6F7D5D0B46E9}.Debug|Any CPU.Build.0 = Debug|Any CPU
		{B2B761C7-8C81-4BC8-9F8E-6F7D5D0B46E9}.Release|Any CPU.ActiveCfg = Release|Any CPU
		{B2B761C7-8C81-4BC8-9F8E-6F7D5D0B46E9}.Release|Any CPU.Build.0 = Release|Any CPU
		{70D944F6-51BB-4EBD-AE27-A1A04771DB21}.Debug|Any CPU.ActiveCfg = Debug|Any CPU
		{70D944F6-51BB-4EBD-AE27-A1A04771DB21}.Debug|Any CPU.Build.0 = Debug|Any CPU
		{70D944F6-51BB-4EBD-AE27-A1A04771DB21}.Release|Any CPU.ActiveCfg = Release|Any CPU
		{70D944F6-51BB-4EBD-AE27-A1A04771DB21}.Release|Any CPU.Build.0 = Release|Any CPU
		{3A52FCC7-7C0D-4B6E-90D7-89FEA50C2D49}.Debug|Any CPU.ActiveCfg = Debug|Any CPU
		{3A52FCC7-7C0D-4B6E-90D7-89FEA50C2D49}.Debug|Any CPU.Build.0 = Debug|Any CPU
		{3A52FCC7-7C0D-4B6E-90D7-89FEA50C2D49}.Release|Any CPU.ActiveCfg = Release|Any CPU
		{3A52FCC7-7C0D-4B6E-90D7-89FEA50C2D49}.Release|Any CPU.Build.0 = Release|Any CPU
		{05F93F42-27E7-4961-8863-FBF0CE50D509}.Debug|Any CPU.ActiveCfg = Debug|Any CPU
		{05F93F42-27E7-4961-8863-FBF0CE50D509}.Debug|Any CPU.Build.0 = Debug|Any CPU
		{05F93F42-27E7-4961-8863-FBF0CE50D509}.Release|Any CPU.ActiveCfg = Release|Any CPU
		{05F93F42-27E7-4961-8863-FBF0CE50D509}.Release|Any CPU.Build.0 = Release|Any CPU
		{FC394340-2390-469C-9BEE-3E1515447AD2}.Debug|Any CPU.ActiveCfg = Debug|Any CPU
		{FC394340-2390-469C-9BEE-3E1515447AD2}.Debug|Any CPU.Build.0 = Debug|Any CPU
		{FC394340-2390-469C-9BEE-3E1515447AD2}.Release|Any CPU.ActiveCfg = Release|Any CPU
		{FC394340-2390-469C-9BEE-3E1515447AD2}.Release|Any CPU.Build.0 = Release|Any CPU
		{4A6CE2F1-5B68-4CD0-9410-74B7FF27FA03}.Debug|Any CPU.ActiveCfg = Debug|Any CPU
		{4A6CE2F1-5B68-4CD0-9410-74B7FF27FA03}.Debug|Any CPU.Build.0 = Debug|Any CPU
		{4A6CE2F1-5B68-4CD0-9410-74B7FF27FA03}.Release|Any CPU.ActiveCfg = Release|Any CPU
		{4A6CE2F1-5B68-4CD0-9410-74B7FF27FA03}.Release|Any CPU.Build.0 = Release|Any CPU
		{8BD37E8F-9CEB-41CD-B1D1-ADDB49F84ABE}.Debug|Any CPU.ActiveCfg = Debug|Any CPU
		{8BD37E8F-9CEB-41CD-B1D1-ADDB49F84ABE}.Debug|Any CPU.Build.0 = Debug|Any CPU
		{8BD37E8F-9CEB-41CD-B1D1-ADDB49F84ABE}.Release|Any CPU.ActiveCfg = Release|Any CPU
		{8BD37E8F-9CEB-41CD-B1D1-ADDB49F84ABE}.Release|Any CPU.Build.0 = Release|Any CPU
		{0B3075EA-484F-41E7-8993-2625F128CC40}.Debug|Any CPU.ActiveCfg = Debug|Any CPU
		{0B3075EA-484F-41E7-8993-2625F128CC40}.Debug|Any CPU.Build.0 = Debug|Any CPU
		{0B3075EA-484F-41E7-8993-2625F128CC40}.Release|Any CPU.ActiveCfg = Release|Any CPU
		{0B3075EA-484F-41E7-8993-2625F128CC40}.Release|Any CPU.Build.0 = Release|Any CPU
		{D4C91674-03E9-4107-B570-EDD7DB5640E4}.Debug|Any CPU.ActiveCfg = Debug|Any CPU
		{D4C91674-03E9-4107-B570-EDD7DB5640E4}.Debug|Any CPU.Build.0 = Debug|Any CPU
		{D4C91674-03E9-4107-B570-EDD7DB5640E4}.Release|Any CPU.ActiveCfg = Release|Any CPU
		{D4C91674-03E9-4107-B570-EDD7DB5640E4}.Release|Any CPU.Build.0 = Release|Any CPU
		{BD92AAA8-EFFB-4C93-9AF2-34122EAF2932}.Debug|Any CPU.ActiveCfg = Debug|Any CPU
		{BD92AAA8-EFFB-4C93-9AF2-34122EAF2932}.Debug|Any CPU.Build.0 = Debug|Any CPU
		{BD92AAA8-EFFB-4C93-9AF2-34122EAF2932}.Release|Any CPU.ActiveCfg = Release|Any CPU
		{BD92AAA8-EFFB-4C93-9AF2-34122EAF2932}.Release|Any CPU.Build.0 = Release|Any CPU
		{C4C22D44-7EFF-4B33-9C96-4CE2DDF7186F}.Debug|Any CPU.ActiveCfg = Debug|Any CPU
		{C4C22D44-7EFF-4B33-9C96-4CE2DDF7186F}.Debug|Any CPU.Build.0 = Debug|Any CPU
		{C4C22D44-7EFF-4B33-9C96-4CE2DDF7186F}.Release|Any CPU.ActiveCfg = Release|Any CPU
		{C4C22D44-7EFF-4B33-9C96-4CE2DDF7186F}.Release|Any CPU.Build.0 = Release|Any CPU
		{94AC4679-6101-4059-BE9E-74D0DA515646}.Debug|Any CPU.ActiveCfg = Debug|Any CPU
		{94AC4679-6101-4059-BE9E-74D0DA515646}.Debug|Any CPU.Build.0 = Debug|Any CPU
		{94AC4679-6101-4059-BE9E-74D0DA515646}.Release|Any CPU.ActiveCfg = Release|Any CPU
		{94AC4679-6101-4059-BE9E-74D0DA515646}.Release|Any CPU.Build.0 = Release|Any CPU
		{CABCF63A-F52E-40D6-9F8A-B3A23754DDFD}.Debug|Any CPU.ActiveCfg = Debug|Any CPU
		{CABCF63A-F52E-40D6-9F8A-B3A23754DDFD}.Debug|Any CPU.Build.0 = Debug|Any CPU
		{CABCF63A-F52E-40D6-9F8A-B3A23754DDFD}.Release|Any CPU.ActiveCfg = Release|Any CPU
		{CABCF63A-F52E-40D6-9F8A-B3A23754DDFD}.Release|Any CPU.Build.0 = Release|Any CPU
		{B2BE8827-9D07-4AEC-85AC-97F153FAEFAF}.Debug|Any CPU.ActiveCfg = Debug|Any CPU
		{B2BE8827-9D07-4AEC-85AC-97F153FAEFAF}.Debug|Any CPU.Build.0 = Debug|Any CPU
		{B2BE8827-9D07-4AEC-85AC-97F153FAEFAF}.Release|Any CPU.ActiveCfg = Release|Any CPU
		{B2BE8827-9D07-4AEC-85AC-97F153FAEFAF}.Release|Any CPU.Build.0 = Release|Any CPU
		{4B9EA193-5076-4256-9A98-66CCDBF5923A}.Debug|Any CPU.ActiveCfg = Debug|Any CPU
		{4B9EA193-5076-4256-9A98-66CCDBF5923A}.Debug|Any CPU.Build.0 = Debug|Any CPU
		{4B9EA193-5076-4256-9A98-66CCDBF5923A}.Release|Any CPU.ActiveCfg = Release|Any CPU
		{4B9EA193-5076-4256-9A98-66CCDBF5923A}.Release|Any CPU.Build.0 = Release|Any CPU
		{BCBBCE88-D30F-4851-8043-30B6BA740A3F}.Debug|Any CPU.ActiveCfg = Debug|Any CPU
		{BCBBCE88-D30F-4851-8043-30B6BA740A3F}.Debug|Any CPU.Build.0 = Debug|Any CPU
		{BCBBCE88-D30F-4851-8043-30B6BA740A3F}.Release|Any CPU.ActiveCfg = Release|Any CPU
		{BCBBCE88-D30F-4851-8043-30B6BA740A3F}.Release|Any CPU.Build.0 = Release|Any CPU
		{D3F13A56-0787-4D79-8A31-F5308D9F43C6}.Debug|Any CPU.ActiveCfg = Debug|Any CPU
		{D3F13A56-0787-4D79-8A31-F5308D9F43C6}.Debug|Any CPU.Build.0 = Debug|Any CPU
		{D3F13A56-0787-4D79-8A31-F5308D9F43C6}.Release|Any CPU.ActiveCfg = Release|Any CPU
		{D3F13A56-0787-4D79-8A31-F5308D9F43C6}.Release|Any CPU.Build.0 = Release|Any CPU
		{B0AC3406-0B7C-464C-AE8D-3FFE76A7F0FE}.Debug|Any CPU.ActiveCfg = Debug|Any CPU
		{B0AC3406-0B7C-464C-AE8D-3FFE76A7F0FE}.Debug|Any CPU.Build.0 = Debug|Any CPU
		{B0AC3406-0B7C-464C-AE8D-3FFE76A7F0FE}.Release|Any CPU.ActiveCfg = Release|Any CPU
		{B0AC3406-0B7C-464C-AE8D-3FFE76A7F0FE}.Release|Any CPU.Build.0 = Release|Any CPU
	EndGlobalSection
	GlobalSection(SolutionProperties) = preSolution
		HideSolutionNode = FALSE
	EndGlobalSection
	GlobalSection(NestedProjects) = preSolution
		{1BF4CDA1-47CE-41DE-8180-94B62E5E1045} = {6DAE4A9B-1FEE-402E-8187-DDA1A0BE5184}
		{66CD0D16-7EBC-4BE6-8099-D718EF597F0A} = {6DAE4A9B-1FEE-402E-8187-DDA1A0BE5184}
		{48C8C890-30B3-4114-A2D4-251601AE5347} = {6AB4864A-1C6E-40BB-A2CA-CB22431D82A0}
		{BAB897BB-E3DD-44C3-86FE-7619F81FDC2E} = {6AB4864A-1C6E-40BB-A2CA-CB22431D82A0}
		{3615EB12-85A5-4A0B-B5FB-5206937AA695} = {A5279F7C-1CB7-40DC-94FA-E858A2533536}
		{35F1932C-590A-45DE-AB09-C3A957F66D85} = {2B57A435-158D-42C1-8B0C-24528F75930F}
		{69AB3A94-F036-4AAF-A631-DA5EF212B45D} = {B3A507D2-9C57-4E92-AA18-2FEB0B25268F}
		{4608E9E8-6179-4CCC-B276-F8A715874B87} = {B3A507D2-9C57-4E92-AA18-2FEB0B25268F}
		{99DF7627-4B5D-4518-B4CC-EF5CA84DD186} = {FF7945C7-07DF-4D8F-9B96-828DD677E026}
		{95A24BD1-BEA7-40D0-9469-15F08AE4B126} = {FF7945C7-07DF-4D8F-9B96-828DD677E026}
		{E51B0715-2336-4456-ACD7-604E29C513C7} = {6F5DFBAE-2D11-4017-8DA5-96146A9455E4}
		{A7243B60-21A7-4B4F-9CD7-5888B88A7A98} = {9E7A5887-7854-424C-8F20-C0706BD275B9}
		{B2B761C7-8C81-4BC8-9F8E-6F7D5D0B46E9} = {9E7A5887-7854-424C-8F20-C0706BD275B9}
		{70D944F6-51BB-4EBD-AE27-A1A04771DB21} = {9E7A5887-7854-424C-8F20-C0706BD275B9}
		{3A52FCC7-7C0D-4B6E-90D7-89FEA50C2D49} = {9E7A5887-7854-424C-8F20-C0706BD275B9}
		{05F93F42-27E7-4961-8863-FBF0CE50D509} = {6B5FAEB8-45DB-40E7-9080-167CAC596681}
		{FC394340-2390-469C-9BEE-3E1515447AD2} = {6B5FAEB8-45DB-40E7-9080-167CAC596681}
		{4A6CE2F1-5B68-4CD0-9410-74B7FF27FA03} = {6B5FAEB8-45DB-40E7-9080-167CAC596681}
		{8BD37E8F-9CEB-41CD-B1D1-ADDB49F84ABE} = {6B5FAEB8-45DB-40E7-9080-167CAC596681}
		{0B3075EA-484F-41E7-8993-2625F128CC40} = {4D32AD89-BB7E-4614-A370-8E46417109CE}
		{D4C91674-03E9-4107-B570-EDD7DB5640E4} = {4D32AD89-BB7E-4614-A370-8E46417109CE}
		{BD92AAA8-EFFB-4C93-9AF2-34122EAF2932} = {4D32AD89-BB7E-4614-A370-8E46417109CE}
		{C4C22D44-7EFF-4B33-9C96-4CE2DDF7186F} = {845D871E-EF58-4E40-B79B-2AB65C6E250A}
		{94AC4679-6101-4059-BE9E-74D0DA515646} = {845D871E-EF58-4E40-B79B-2AB65C6E250A}
		{CABCF63A-F52E-40D6-9F8A-B3A23754DDFD} = {DAA48883-0FB1-4EB2-8E38-DD02EB44EA4A}
		{B2BE8827-9D07-4AEC-85AC-97F153FAEFAF} = {DAA48883-0FB1-4EB2-8E38-DD02EB44EA4A}
		{4B9EA193-5076-4256-9A98-66CCDBF5923A} = {DAA48883-0FB1-4EB2-8E38-DD02EB44EA4A}
		{BCBBCE88-D30F-4851-8043-30B6BA740A3F} = {DAA48883-0FB1-4EB2-8E38-DD02EB44EA4A}
		{D3F13A56-0787-4D79-8A31-F5308D9F43C6} = {DAA48883-0FB1-4EB2-8E38-DD02EB44EA4A}
		{B0AC3406-0B7C-464C-AE8D-3FFE76A7F0FE} = {DAA48883-0FB1-4EB2-8E38-DD02EB44EA4A}
	EndGlobalSection
	GlobalSection(ExtensibilityGlobals) = postSolution
		SolutionGuid = {D1413C14-4313-49E5-9AB5-B573C105F191}
	EndGlobalSection
EndGlobal
